# This file is automatically @generated by Cargo.
# It is not intended for manual editing.
[[package]]
name = "httparse"
version = "1.5.1"
source = "registry+https://github.com/rust-lang/crates.io-index"
checksum = "acd94fdbe1d4ff688b67b04eee2e17bd50995534a61539e45adfefb45e5e5503"

[[package]]
name = "json"
version = "0.12.4"
source = "registry+https://github.com/rust-lang/crates.io-index"
checksum = "078e285eafdfb6c4b434e0d31e8cfcb5115b651496faca5749b88fafd4f23bfd"

[[package]]
name = "rustnodes"
version = "0.1.0"
dependencies = [
 "httparse",
 "json",
]
